
Microsoft Visual Studio Solution File, Format Version 12.00
# Visual Studio Version 17
VisualStudioVersion = 17.8.34322.80
MinimumVisualStudioVersion = 10.0.40219.1
Project("{FAE04EC0-301F-11D3-BF4B-00C04F79EFBC}") = "ExercicioExtra01", "ExercicioExtra01\ExercicioExtra01.csproj", "{0342C900-5FAB-4CE6-A3D4-D29B12517B5E}"
EndProject
Global
	GlobalSection(SolutionConfigurationPlatforms) = preSolution
		Debug|Any CPU = Debug|Any CPU
		Release|Any CPU = Release|Any CPU
	EndGlobalSection
	GlobalSection(ProjectConfigurationPlatforms) = postSolution
		{0342C900-5FAB-4CE6-A3D4-D29B12517B5E}.Debug|Any CPU.ActiveCfg = Debug|Any CPU
		{0342C900-5FAB-4CE6-A3D4-D29B12517B5E}.Debug|Any CPU.Build.0 = Debug|Any CPU
		{0342C900-5FAB-4CE6-A3D4-D29B12517B5E}.Release|Any CPU.ActiveCfg = Release|Any CPU
		{0342C900-5FAB-4CE6-A3D4-D29B12517B5E}.Release|Any CPU.Build.0 = Release|Any CPU
	EndGlobalSection
	GlobalSection(SolutionProperties) = preSolution
		HideSolutionNode = FALSE
	EndGlobalSection
	GlobalSection(ExtensibilityGlobals) = postSolution
		SolutionGuid = {F4BEFBA0-072B-4F78-9A9D-8222C118C910}
	EndGlobalSection
EndGlobal
